
Microsoft Visual Studio Solution File, Format Version 12.00
# Visual Studio 15
Project("{FAE04EC0-301F-11D3-BF4B-00C04F79EFBC}") = "Float.Core", "Float.Core\Float.Core.csproj", "{0AF193E3-D9AF-4551-B853-177F15FDC639}"
EndProject
Project("{FAE04EC0-301F-11D3-BF4B-00C04F79EFBC}") = "Float.Core.Tests", "Float.Core.Tests\Float.Core.Tests.csproj", "{CD4538B9-EBD5-4340-B44A-890DDCEFC31E}"
EndProject
Global
	GlobalSection(SolutionConfigurationPlatforms) = preSolution
		Debug|Any CPU = Debug|Any CPU
		Release|Any CPU = Release|Any CPU
	EndGlobalSection
	GlobalSection(ProjectConfigurationPlatforms) = postSolution
		{0AF193E3-D9AF-4551-B853-177F15FDC639}.Debug|Any CPU.ActiveCfg = Debug|Any CPU
		{0AF193E3-D9AF-4551-B853-177F15FDC639}.Debug|Any CPU.Build.0 = Debug|Any CPU
		{0AF193E3-D9AF-4551-B853-177F15FDC639}.Release|Any CPU.ActiveCfg = Release|Any CPU
		{0AF193E3-D9AF-4551-B853-177F15FDC639}.Release|Any CPU.Build.0 = Release|Any CPU
		{CD4538B9-EBD5-4340-B44A-890DDCEFC31E}.Debug|Any CPU.ActiveCfg = Debug|Any CPU
		{CD4538B9-EBD5-4340-B44A-890DDCEFC31E}.Debug|Any CPU.Build.0 = Debug|Any CPU
		{CD4538B9-EBD5-4340-B44A-890DDCEFC31E}.Release|Any CPU.ActiveCfg = Release|Any CPU
		{CD4538B9-EBD5-4340-B44A-890DDCEFC31E}.Release|Any CPU.Build.0 = Release|Any CPU
	EndGlobalSection
	GlobalSection(MonoDevelopProperties) = preSolution
		Policies = $0
		$0.StandardHeader = $1
		$1.Text = @// <copyright file="${FileName}" company="Float">\n// Copyright (c) 2021 Float, All rights reserved.\n// Shared under an MIT license. See license.md for details.\n// </copyright>
		$0.VersionControlPolicy = $2
	EndGlobalSection
EndGlobal
